
Microsoft Visual Studio Solution File, Format Version 14.00
# Visual Studio 2015
Project("{FAE04EC0-301F-11D3-BF4B-00C04F79EFBC}") = "NGitLab", "NGitLab\NGitLab.csproj", "{EB69C6AD-64A6-4FE5-880C-38607A2430FB}"
EndProject
Project("{FAE04EC0-301F-11D3-BF4B-00C04F79EFBC}") = "NGitLab.Tests", "NGitLab.Tests\NGitLab.Tests.csproj", "{B1C9D8F6-22BC-4401-BD7B-E99C62A8E685}"
EndProject
Global
	GlobalSection(SolutionConfigurationPlatforms) = preSolution
		Debug|Any CPU = Debug|Any CPU
		Release|Any CPU = Release|Any CPU
	EndGlobalSection
	GlobalSection(ProjectConfigurationPlatforms) = postSolution
		{EB69C6AD-64A6-4FE5-880C-38607A2430FB}.Debug|Any CPU.ActiveCfg = Debug|Any CPU
		{EB69C6AD-64A6-4FE5-880C-38607A2430FB}.Debug|Any CPU.Build.0 = Debug|Any CPU
		{EB69C6AD-64A6-4FE5-880C-38607A2430FB}.Release|Any CPU.ActiveCfg = Release|Any CPU
		{EB69C6AD-64A6-4FE5-880C-38607A2430FB}.Release|Any CPU.Build.0 = Release|Any CPU
		{B1C9D8F6-22BC-4401-BD7B-E99C62A8E685}.Debug|Any CPU.ActiveCfg = Debug|Any CPU
		{B1C9D8F6-22BC-4401-BD7B-E99C62A8E685}.Debug|Any CPU.Build.0 = Debug|Any CPU
		{B1C9D8F6-22BC-4401-BD7B-E99C62A8E685}.Release|Any CPU.ActiveCfg = Release|Any CPU
		{B1C9D8F6-22BC-4401-BD7B-E99C62A8E685}.Release|Any CPU.Build.0 = Release|Any CPU
	EndGlobalSection
	GlobalSection(SolutionProperties) = preSolution
		HideSolutionNode = FALSE
	EndGlobalSection
EndGlobal
